// !$*UTF8*$!
{
	archiveVersion = 1;
	classes = {
	};
	objectVersion = 50;
	objects = {

/* Begin PBXBuildFile section */
		9B740AE223C93B42005F58A1 /* AppDelegate.swift in Sources */ = {isa = PBXBuildFile; fileRef = 9B740AE123C93B42005F58A1 /* AppDelegate.swift */; };
		9B740AE423C93B42005F58A1 /* SceneDelegate.swift in Sources */ = {isa = PBXBuildFile; fileRef = 9B740AE323C93B42005F58A1 /* SceneDelegate.swift */; };
		9B740AE623C93B42005F58A1 /* ViewController.swift in Sources */ = {isa = PBXBuildFile; fileRef = 9B740AE523C93B42005F58A1 /* ViewController.swift */; };
		9B740AE923C93B42005F58A1 /* Main.storyboard in Resources */ = {isa = PBXBuildFile; fileRef = 9B740AE723C93B42005F58A1 /* Main.storyboard */; };
		9B740AEB23C93B44005F58A1 /* Assets.xcassets in Resources */ = {isa = PBXBuildFile; fileRef = 9B740AEA23C93B44005F58A1 /* Assets.xcassets */; };
		9B740AEE23C93B44005F58A1 /* LaunchScreen.storyboard in Resources */ = {isa = PBXBuildFile; fileRef = 9B740AEC23C93B44005F58A1 /* LaunchScreen.storyboard */; };
		9B740AF923C93B44005F58A1 /* exer2Tests.swift in Sources */ = {isa = PBXBuildFile; fileRef = 9B740AF823C93B44005F58A1 /* exer2Tests.swift */; };
		9B740B0423C93B44005F58A1 /* exer2UITests.swift in Sources */ = {isa = PBXBuildFile; fileRef = 9B740B0323C93B44005F58A1 /* exer2UITests.swift */; };
/* End PBXBuildFile section */

/* Begin PBXContainerItemProxy section */
		9B740AF523C93B44005F58A1 /* PBXContainerItemProxy */ = {
			isa = PBXContainerItemProxy;
			containerPortal = 9B740AD623C93B42005F58A1 /* Project object */;
			proxyType = 1;
			remoteGlobalIDString = 9B740ADD23C93B42005F58A1;
			remoteInfo = exer2;
		};
		9B740B0023C93B44005F58A1 /* PBXContainerItemProxy */ = {
			isa = PBXContainerItemProxy;
			containerPortal = 9B740AD623C93B42005F58A1 /* Project object */;
			proxyType = 1;
			remoteGlobalIDString = 9B740ADD23C93B42005F58A1;
			remoteInfo = exer2;
		};
/* End PBXContainerItemProxy section */

/* Begin PBXFileReference section */
		9B740ADE23C93B42005F58A1 /* exer2.app */ = {isa = PBXFileReference; explicitFileType = wrapper.application; includeInIndex = 0; path = exer2.app; sourceTree = BUILT_PRODUCTS_DIR; };
		9B740AE123C93B42005F58A1 /* AppDelegate.swift */ = {isa = PBXFileReference; lastKnownFileType = sourcecode.swift; path = AppDelegate.swift; sourceTree = "<group>"; };
		9B740AE323C93B42005F58A1 /* SceneDelegate.swift */ = {isa = PBXFileReference; lastKnownFileType = sourcecode.swift; path = SceneDelegate.swift; sourceTree = "<group>"; };
		9B740AE523C93B42005F58A1 /* ViewController.swift */ = {isa = PBXFileReference; lastKnownFileType = sourcecode.swift; path = ViewController.swift; sourceTree = "<group>"; };
		9B740AE823C93B42005F58A1 /* Base */ = {isa = PBXFileReference; lastKnownFileType = file.storyboard; name = Base; path = Base.lproj/Main.storyboard; sourceTree = "<group>"; };
		9B740AEA23C93B44005F58A1 /* Assets.xcassets */ = {isa = PBXFileReference; lastKnownFileType = folder.assetcatalog; path = Assets.xcassets; sourceTree = "<group>"; };
		9B740AED23C93B44005F58A1 /* Base */ = {isa = PBXFileReference; lastKnownFileType = file.storyboard; name = Base; path = Base.lproj/LaunchScreen.storyboard; sourceTree = "<group>"; };
		9B740AEF23C93B44005F58A1 /* Info.plist */ = {isa = PBXFileReference; lastKnownFileType = text.plist.xml; path = Info.plist; sourceTree = "<group>"; };
		9B740AF423C93B44005F58A1 /* exer2Tests.xctest */ = {isa = PBXFileReference; explicitFileType = wrapper.cfbundle; includeInIndex = 0; path = exer2Tests.xctest; sourceTree = BUILT_PRODUCTS_DIR; };
		9B740AF823C93B44005F58A1 /* exer2Tests.swift */ = {isa = PBXFileReference; lastKnownFileType = sourcecode.swift; path = exer2Tests.swift; sourceTree = "<group>"; };
		9B740AFA23C93B44005F58A1 /* Info.plist */ = {isa = PBXFileReference; lastKnownFileType = text.plist.xml; path = Info.plist; sourceTree = "<group>"; };
		9B740AFF23C93B44005F58A1 /* exer2UITests.xctest */ = {isa = PBXFileReference; explicitFileType = wrapper.cfbundle; includeInIndex = 0; path = exer2UITests.xctest; sourceTree = BUILT_PRODUCTS_DIR; };
		9B740B0323C93B44005F58A1 /* exer2UITests.swift */ = {isa = PBXFileReference; lastKnownFileType = sourcecode.swift; path = exer2UITests.swift; sourceTree = "<group>"; };
		9B740B0523C93B44005F58A1 /* Info.plist */ = {isa = PBXFileReference; lastKnownFileType = text.plist.xml; path = Info.plist; sourceTree = "<group>"; };
/* End PBXFileReference section */

/* Begin PBXFrameworksBuildPhase section */
		9B740ADB23C93B42005F58A1 /* Frameworks */ = {
			isa = PBXFrameworksBuildPhase;
			buildActionMask = 2147483647;
			files = (
			);
			runOnlyForDeploymentPostprocessing = 0;
		};
		9B740AF123C93B44005F58A1 /* Frameworks */ = {
			isa = PBXFrameworksBuildPhase;
			buildActionMask = 2147483647;
			files = (
			);
			runOnlyForDeploymentPostprocessing = 0;
		};
		9B740AFC23C93B44005F58A1 /* Frameworks */ = {
			isa = PBXFrameworksBuildPhase;
			buildActionMask = 2147483647;
			files = (
			);
			runOnlyForDeploymentPostprocessing = 0;
		};
/* End PBXFrameworksBuildPhase section */

/* Begin PBXGroup section */
		9B740AD523C93B42005F58A1 = {
			isa = PBXGroup;
			children = (
				9B740AE023C93B42005F58A1 /* exer2 */,
				9B740AF723C93B44005F58A1 /* exer2Tests */,
				9B740B0223C93B44005F58A1 /* exer2UITests */,
				9B740ADF23C93B42005F58A1 /* Products */,
			);
			sourceTree = "<group>";
		};
		9B740ADF23C93B42005F58A1 /* Products */ = {
			isa = PBXGroup;
			children = (
				9B740ADE23C93B42005F58A1 /* exer2.app */,
				9B740AF423C93B44005F58A1 /* exer2Tests.xctest */,
				9B740AFF23C93B44005F58A1 /* exer2UITests.xctest */,
			);
			name = Products;
			sourceTree = "<group>";
		};
		9B740AE023C93B42005F58A1 /* exer2 */ = {
			isa = PBXGroup;
			children = (
				9B740AE123C93B42005F58A1 /* AppDelegate.swift */,
				9B740AE323C93B42005F58A1 /* SceneDelegate.swift */,
				9B740AE523C93B42005F58A1 /* ViewController.swift */,
				9B740AE723C93B42005F58A1 /* Main.storyboard */,
				9B740AEA23C93B44005F58A1 /* Assets.xcassets */,
				9B740AEC23C93B44005F58A1 /* LaunchScreen.storyboard */,
				9B740AEF23C93B44005F58A1 /* Info.plist */,
			);
			path = exer2;
			sourceTree = "<group>";
		};
		9B740AF723C93B44005F58A1 /* exer2Tests */ = {
			isa = PBXGroup;
			children = (
				9B740AF823C93B44005F58A1 /* exer2Tests.swift */,
				9B740AFA23C93B44005F58A1 /* Info.plist */,
			);
			path = exer2Tests;
			sourceTree = "<group>";
		};
		9B740B0223C93B44005F58A1 /* exer2UITests */ = {
			isa = PBXGroup;
			children = (
				9B740B0323C93B44005F58A1 /* exer2UITests.swift */,
				9B740B0523C93B44005F58A1 /* Info.plist */,
			);
			path = exer2UITests;
			sourceTree = "<group>";
		};
/* End PBXGroup section */

/* Begin PBXNativeTarget section */
		9B740ADD23C93B42005F58A1 /* exer2 */ = {
			isa = PBXNativeTarget;
			buildConfigurationList = 9B740B0823C93B44005F58A1 /* Build configuration list for PBXNativeTarget "exer2" */;
			buildPhases = (
				9B740ADA23C93B42005F58A1 /* Sources */,
				9B740ADB23C93B42005F58A1 /* Frameworks */,
				9B740ADC23C93B42005F58A1 /* Resources */,
			);
			buildRules = (
			);
			dependencies = (
			);
			name = exer2;
			productName = exer2;
			productReference = 9B740ADE23C93B42005F58A1 /* exer2.app */;
			productType = "com.apple.product-type.application";
		};
		9B740AF323C93B44005F58A1 /* exer2Tests */ = {
			isa = PBXNativeTarget;
			buildConfigurationList = 9B740B0B23C93B44005F58A1 /* Build configuration list for PBXNativeTarget "exer2Tests" */;
			buildPhases = (
				9B740AF023C93B44005F58A1 /* Sources */,
				9B740AF123C93B44005F58A1 /* Frameworks */,
				9B740AF223C93B44005F58A1 /* Resources */,
			);
			buildRules = (
			);
			dependencies = (
				9B740AF623C93B44005F58A1 /* PBXTargetDependency */,
			);
			name = exer2Tests;
			productName = exer2Tests;
			productReference = 9B740AF423C93B44005F58A1 /* exer2Tests.xctest */;
			productType = "com.apple.product-type.bundle.unit-test";
		};
		9B740AFE23C93B44005F58A1 /* exer2UITests */ = {
			isa = PBXNativeTarget;
			buildConfigurationList = 9B740B0E23C93B44005F58A1 /* Build configuration list for PBXNativeTarget "exer2UITests" */;
			buildPhases = (
				9B740AFB23C93B44005F58A1 /* Sources */,
				9B740AFC23C93B44005F58A1 /* Frameworks */,
				9B740AFD23C93B44005F58A1 /* Resources */,
			);
			buildRules = (
			);
			dependencies = (
				9B740B0123C93B44005F58A1 /* PBXTargetDependency */,
			);
			name = exer2UITests;
			productName = exer2UITests;
			productReference = 9B740AFF23C93B44005F58A1 /* exer2UITests.xctest */;
			productType = "com.apple.product-type.bundle.ui-testing";
		};
/* End PBXNativeTarget section */

/* Begin PBXProject section */
		9B740AD623C93B42005F58A1 /* Project object */ = {
			isa = PBXProject;
			attributes = {
				LastSwiftUpdateCheck = 1130;
				LastUpgradeCheck = 1130;
				ORGANIZATIONNAME = MacStudent;
				TargetAttributes = {
					9B740ADD23C93B42005F58A1 = {
						CreatedOnToolsVersion = 11.3;
					};
					9B740AF323C93B44005F58A1 = {
						CreatedOnToolsVersion = 11.3;
						TestTargetID = 9B740ADD23C93B42005F58A1;
					};
					9B740AFE23C93B44005F58A1 = {
						CreatedOnToolsVersion = 11.3;
						TestTargetID = 9B740ADD23C93B42005F58A1;
					};
				};
			};
			buildConfigurationList = 9B740AD923C93B42005F58A1 /* Build configuration list for PBXProject "exer2" */;
			compatibilityVersion = "Xcode 9.3";
			developmentRegion = en;
			hasScannedForEncodings = 0;
			knownRegions = (
				en,
				Base,
			);
			mainGroup = 9B740AD523C93B42005F58A1;
			productRefGroup = 9B740ADF23C93B42005F58A1 /* Products */;
			projectDirPath = "";
			projectRoot = "";
			targets = (
				9B740ADD23C93B42005F58A1 /* exer2 */,
				9B740AF323C93B44005F58A1 /* exer2Tests */,
				9B740AFE23C93B44005F58A1 /* exer2UITests */,
			);
		};
/* End PBXProject section */

/* Begin PBXResourcesBuildPhase section */
		9B740ADC23C93B42005F58A1 /* Resources */ = {
			isa = PBXResourcesBuildPhase;
			buildActionMask = 2147483647;
			files = (
				9B740AEE23C93B44005F58A1 /* LaunchScreen.storyboard in Resources */,
				9B740AEB23C93B44005F58A1 /* Assets.xcassets in Resources */,
				9B740AE923C93B42005F58A1 /* Main.storyboard in Resources */,
			);
			runOnlyForDeploymentPostprocessing = 0;
		};
		9B740AF223C93B44005F58A1 /* Resources */ = {
			isa = PBXResourcesBuildPhase;
			buildActionMask = 2147483647;
			files = (
			);
			runOnlyForDeploymentPostprocessing = 0;
		};
		9B740AFD23C93B44005F58A1 /* Resources */ = {
			isa = PBXResourcesBuildPhase;
			buildActionMask = 2147483647;
			files = (
			);
			runOnlyForDeploymentPostprocessing = 0;
		};
/* End PBXResourcesBuildPhase section */

/* Begin PBXSourcesBuildPhase section */
		9B740ADA23C93B42005F58A1 /* Sources */ = {
			isa = PBXSourcesBuildPhase;
			buildActionMask = 2147483647;
			files = (
				9B740AE623C93B42005F58A1 /* ViewController.swift in Sources */,
				9B740AE223C93B42005F58A1 /* AppDelegate.swift in Sources */,
				9B740AE423C93B42005F58A1 /* SceneDelegate.swift in Sources */,
			);
			runOnlyForDeploymentPostprocessing = 0;
		};
		9B740AF023C93B44005F58A1 /* Sources */ = {
			isa = PBXSourcesBuildPhase;
			buildActionMask = 2147483647;
			files = (
				9B740AF923C93B44005F58A1 /* exer2Tests.swift in Sources */,
			);
			runOnlyForDeploymentPostprocessing = 0;
		};
		9B740AFB23C93B44005F58A1 /* Sources */ = {
			isa = PBXSourcesBuildPhase;
			buildActionMask = 2147483647;
			files = (
				9B740B0423C93B44005F58A1 /* exer2UITests.swift in Sources */,
			);
			runOnlyForDeploymentPostprocessing = 0;
		};
/* End PBXSourcesBuildPhase section */

/* Begin PBXTargetDependency section */
		9B740AF623C93B44005F58A1 /* PBXTargetDependency */ = {
			isa = PBXTargetDependency;
			target = 9B740ADD23C93B42005F58A1 /* exer2 */;
			targetProxy = 9B740AF523C93B44005F58A1 /* PBXContainerItemProxy */;
		};
		9B740B0123C93B44005F58A1 /* PBXTargetDependency */ = {
			isa = PBXTargetDependency;
			target = 9B740ADD23C93B42005F58A1 /* exer2 */;
			targetProxy = 9B740B0023C93B44005F58A1 /* PBXContainerItemProxy */;
		};
/* End PBXTargetDependency section */

/* Begin PBXVariantGroup section */
		9B740AE723C93B42005F58A1 /* Main.storyboard */ = {
			isa = PBXVariantGroup;
			children = (
				9B740AE823C93B42005F58A1 /* Base */,
			);
			name = Main.storyboard;
			sourceTree = "<group>";
		};
		9B740AEC23C93B44005F58A1 /* LaunchScreen.storyboard */ = {
			isa = PBXVariantGroup;
			children = (
				9B740AED23C93B44005F58A1 /* Base */,
			);
			name = LaunchScreen.storyboard;
			sourceTree = "<group>";
		};
/* End PBXVariantGroup section */

/* Begin XCBuildConfiguration section */
		9B740B0623C93B44005F58A1 /* Debug */ = {
			isa = XCBuildConfiguration;
			buildSettings = {
				ALWAYS_SEARCH_USER_PATHS = NO;
				CLANG_ANALYZER_NONNULL = YES;
				CLANG_ANALYZER_NUMBER_OBJECT_CONVERSION = YES_AGGRESSIVE;
				CLANG_CXX_LANGUAGE_STANDARD = "gnu++14";
				CLANG_CXX_LIBRARY = "libc++";
				CLANG_ENABLE_MODULES = YES;
				CLANG_ENABLE_OBJC_ARC = YES;
				CLANG_ENABLE_OBJC_WEAK = YES;
				CLANG_WARN_BLOCK_CAPTURE_AUTORELEASING = YES;
				CLANG_WARN_BOOL_CONVERSION = YES;
				CLANG_WARN_COMMA = YES;
				CLANG_WARN_CONSTANT_CONVERSION = YES;
				CLANG_WARN_DEPRECATED_OBJC_IMPLEMENTATIONS = YES;
				CLANG_WARN_DIRECT_OBJC_ISA_USAGE = YES_ERROR;
				CLANG_WARN_DOCUMENTATION_COMMENTS = YES;
				CLANG_WARN_EMPTY_BODY = YES;
				CLANG_WARN_ENUM_CONVERSION = YES;
				CLANG_WARN_INFINITE_RECURSION = YES;
				CLANG_WARN_INT_CONVERSION = YES;
				CLANG_WARN_NON_LITERAL_NULL_CONVERSION = YES;
				CLANG_WARN_OBJC_IMPLICIT_RETAIN_SELF = YES;
				CLANG_WARN_OBJC_LITERAL_CONVERSION = YES;
				CLANG_WARN_OBJC_ROOT_CLASS = YES_ERROR;
				CLANG_WARN_RANGE_LOOP_ANALYSIS = YES;
				CLANG_WARN_STRICT_PROTOTYPES = YES;
				CLANG_WARN_SUSPICIOUS_MOVE = YES;
				CLANG_WARN_UNGUARDED_AVAILABILITY = YES_AGGRESSIVE;
				CLANG_WARN_UNREACHABLE_CODE = YES;
				CLANG_WARN__DUPLICATE_METHOD_MATCH = YES;
				COPY_PHASE_STRIP = NO;
				DEBUG_INFORMATION_FORMAT = dwarf;
				ENABLE_STRICT_OBJC_MSGSEND = YES;
				ENABLE_TESTABILITY = YES;
				GCC_C_LANGUAGE_STANDARD = gnu11;
				GCC_DYNAMIC_NO_PIC = NO;
				GCC_NO_COMMON_BLOCKS = YES;
				GCC_OPTIMIZATION_LEVEL = 0;
				GCC_PREPROCESSOR_DEFINITIONS = (
					"DEBUG=1",
					"$(inherited)",
				);
				GCC_WARN_64_TO_32_BIT_CONVERSION = YES;
				GCC_WARN_ABOUT_RETURN_TYPE = YES_ERROR;
				GCC_WARN_UNDECLARED_SELECTOR = YES;
				GCC_WARN_UNINITIALIZED_AUTOS = YES_AGGRESSIVE;
				GCC_WARN_UNUSED_FUNCTION = YES;
				GCC_WARN_UNUSED_VARIABLE = YES;
				IPHONEOS_DEPLOYMENT_TARGET = 13.2;
				MTL_ENABLE_DEBUG_INFO = INCLUDE_SOURCE;
				MTL_FAST_MATH = YES;
				ONLY_ACTIVE_ARCH = YES;
				SDKROOT = iphoneos;
				SWIFT_ACTIVE_COMPILATION_CONDITIONS = DEBUG;
				SWIFT_OPTIMIZATION_LEVEL = "-Onone";
			};
			name = Debug;
		};
		9B740B0723C93B44005F58A1 /* Release */ = {
			isa = XCBuildConfiguration;
			buildSettings = {
				ALWAYS_SEARCH_USER_PATHS = NO;
				CLANG_ANALYZER_NONNULL = YES;
				CLANG_ANALYZER_NUMBER_OBJECT_CONVERSION = YES_AGGRESSIVE;
				CLANG_CXX_LANGUAGE_STANDARD = "gnu++14";
				CLANG_CXX_LIBRARY = "libc++";
				CLANG_ENABLE_MODULES = YES;
				CLANG_ENABLE_OBJC_ARC = YES;
				CLANG_ENABLE_OBJC_WEAK = YES;
				CLANG_WARN_BLOCK_CAPTURE_AUTORELEASING = YES;
				CLANG_WARN_BOOL_CONVERSION = YES;
				CLANG_WARN_COMMA = YES;
				CLANG_WARN_CONSTANT_CONVERSION = YES;
				CLANG_WARN_DEPRECATED_OBJC_IMPLEMENTATIONS = YES;
				CLANG_WARN_DIRECT_OBJC_ISA_USAGE = YES_ERROR;
				CLANG_WARN_DOCUMENTATION_COMMENTS = YES;
				CLANG_WARN_EMPTY_BODY = YES;
				CLANG_WARN_ENUM_CONVERSION = YES;
				CLANG_WARN_INFINITE_RECURSION = YES;
				CLANG_WARN_INT_CONVERSION = YES;
				CLANG_WARN_NON_LITERAL_NULL_CONVERSION = YES;
				CLANG_WARN_OBJC_IMPLICIT_RETAIN_SELF = YES;
				CLANG_WARN_OBJC_LITERAL_CONVERSION = YES;
				CLANG_WARN_OBJC_ROOT_CLASS = YES_ERROR;
				CLANG_WARN_RANGE_LOOP_ANALYSIS = YES;
				CLANG_WARN_STRICT_PROTOTYPES = YES;
				CLANG_WARN_SUSPICIOUS_MOVE = YES;
				CLANG_WARN_UNGUARDED_AVAILABILITY = YES_AGGRESSIVE;
				CLANG_WARN_UNREACHABLE_CODE = YES;
				CLANG_WARN__DUPLICATE_METHOD_MATCH = YES;
				COPY_PHASE_STRIP = NO;
				DEBUG_INFORMATION_FORMAT = "dwarf-with-dsym";
				ENABLE_NS_ASSERTIONS = NO;
				ENABLE_STRICT_OBJC_MSGSEND = YES;
				GCC_C_LANGUAGE_STANDARD = gnu11;
				GCC_NO_COMMON_BLOCKS = YES;
				GCC_WARN_64_TO_32_BIT_CONVERSION = YES;
				GCC_WARN_ABOUT_RETURN_TYPE = YES_ERROR;
				GCC_WARN_UNDECLARED_SELECTOR = YES;
				GCC_WARN_UNINITIALIZED_AUTOS = YES_AGGRESSIVE;
				GCC_WARN_UNUSED_FUNCTION = YES;
				GCC_WARN_UNUSED_VARIABLE = YES;
				IPHONEOS_DEPLOYMENT_TARGET = 13.2;
				MTL_ENABLE_DEBUG_INFO = NO;
				MTL_FAST_MATH = YES;
				SDKROOT = iphoneos;
				SWIFT_COMPILATION_MODE = wholemodule;
				SWIFT_OPTIMIZATION_LEVEL = "-O";
				VALIDATE_PRODUCT = YES;
			};
			name = Release;
		};
		9B740B0923C93B44005F58A1 /* Debug */ = {
			isa = XCBuildConfiguration;
			buildSettings = {
				ASSETCATALOG_COMPILER_APPICON_NAME = AppIcon;
				CODE_SIGN_STYLE = Automatic;
				INFOPLIST_FILE = exer2/Info.plist;
				LD_RUNPATH_SEARCH_PATHS = (
					"$(inherited)",
					"@executable_path/Frameworks",
				);
				PRODUCT_BUNDLE_IDENTIFIER = CestarCollege.exer2;
				PRODUCT_NAME = "$(TARGET_NAME)";
				SWIFT_VERSION = 5.0;
				TARGETED_DEVICE_FAMILY = "1,2";
			};
			name = Debug;
		};
		9B740B0A23C93B44005F58A1 /* Release */ = {
			isa = XCBuildConfiguration;
			buildSettings = {
				ASSETCATALOG_COMPILER_APPICON_NAME = AppIcon;
				CODE_SIGN_STYLE = Automatic;
				INFOPLIST_FILE = exer2/Info.plist;
				LD_RUNPATH_SEARCH_PATHS = (
					"$(inherited)",
					"@executable_path/Frameworks",
				);
				PRODUCT_BUNDLE_IDENTIFIER = CestarCollege.exer2;
				PRODUCT_NAME = "$(TARGET_NAME)";
				SWIFT_VERSION = 5.0;
				TARGETED_DEVICE_FAMILY = "1,2";
			};
			name = Release;
		};
		9B740B0C23C93B44005F58A1 /* Debug */ = {
			isa = XCBuildConfiguration;
			buildSettings = {
				ALWAYS_EMBED_SWIFT_STANDARD_LIBRARIES = YES;
				BUNDLE_LOADER = "$(TEST_HOST)";
				CODE_SIGN_STYLE = Automatic;
				INFOPLIST_FILE = exer2Tests/Info.plist;
				IPHONEOS_DEPLOYMENT_TARGET = 13.2;
				LD_RUNPATH_SEARCH_PATHS = (
					"$(inherited)",
					"@executable_path/Frameworks",
					"@loader_path/Frameworks",
				);
				PRODUCT_BUNDLE_IDENTIFIER = CestarCollege.exer2Tests;
				PRODUCT_NAME = "$(TARGET_NAME)";
				SWIFT_VERSION = 5.0;
				TARGETED_DEVICE_FAMILY = "1,2";
				TEST_HOST = "$(BUILT_PRODUCTS_DIR)/exer2.app/exer2";
			};
			name = Debug;
		};
		9B740B0D23C93B44005F58A1 /* Release */ = {
			isa = XCBuildConfiguration;
			buildSettings = {
				ALWAYS_EMBED_SWIFT_STANDARD_LIBRARIES = YES;
				BUNDLE_LOADER = "$(TEST_HOST)";
				CODE_SIGN_STYLE = Automatic;
				INFOPLIST_FILE = exer2Tests/Info.plist;
				IPHONEOS_DEPLOYMENT_TARGET = 13.2;
				LD_RUNPATH_SEARCH_PATHS = (
					"$(inherited)",
					"@executable_path/Frameworks",
					"@loader_path/Frameworks",
				);
				PRODUCT_BUNDLE_IDENTIFIER = CestarCollege.exer2Tests;
				PRODUCT_NAME = "$(TARGET_NAME)";
				SWIFT_VERSION = 5.0;
				TARGETED_DEVICE_FAMILY = "1,2";
				TEST_HOST = "$(BUILT_PRODUCTS_DIR)/exer2.app/exer2";
			};
			name = Release;
		};
		9B740B0F23C93B44005F58A1 /* Debug */ = {
			isa = XCBuildConfiguration;
			buildSettings = {
				ALWAYS_EMBED_SWIFT_STANDARD_LIBRARIES = YES;
				CODE_SIGN_STYLE = Automatic;
				INFOPLIST_FILE = exer2UITests/Info.plist;
				LD_RUNPATH_SEARCH_PATHS = (
					"$(inherited)",
					"@executable_path/Frameworks",
					"@loader_path/Frameworks",
				);
				PRODUCT_BUNDLE_IDENTIFIER = CestarCollege.exer2UITests;
				PRODUCT_NAME = "$(TARGET_NAME)";
				SWIFT_VERSION = 5.0;
				TARGETED_DEVICE_FAMILY = "1,2";
				TEST_TARGET_NAME = exer2;
			};
			name = Debug;
		};
		9B740B1023C93B44005F58A1 /* Release */ = {
			isa = XCBuildConfiguration;
			buildSettings = {
				ALWAYS_EMBED_SWIFT_STANDARD_LIBRARIES = YES;
				CODE_SIGN_STYLE = Automatic;
				INFOPLIST_FILE = exer2UITests/Info.plist;
				LD_RUNPATH_SEARCH_PATHS = (
					"$(inherited)",
					"@executable_path/Frameworks",
					"@loader_path/Frameworks",
				);
				PRODUCT_BUNDLE_IDENTIFIER = CestarCollege.exer2UITests;
				PRODUCT_NAME = "$(TARGET_NAME)";
				SWIFT_VERSION = 5.0;
				TARGETED_DEVICE_FAMILY = "1,2";
				TEST_TARGET_NAME = exer2;
			};
			name = Release;
		};
/* End XCBuildConfiguration section */

/* Begin XCConfigurationList section */
		9B740AD923C93B42005F58A1 /* Build configuration list for PBXProject "exer2" */ = {
			isa = XCConfigurationList;
			buildConfigurations = (
				9B740B0623C93B44005F58A1 /* Debug */,
				9B740B0723C93B44005F58A1 /* Release */,
			);
			defaultConfigurationIsVisible = 0;
			defaultConfigurationName = Release;
		};
		9B740B0823C93B44005F58A1 /* Build configuration list for PBXNativeTarget "exer2" */ = {
			isa = XCConfigurationList;
			buildConfigurations = (
				9B740B0923C93B44005F58A1 /* Debug */,
				9B740B0A23C93B44005F58A1 /* Release */,
			);
			defaultConfigurationIsVisible = 0;
			defaultConfigurationName = Release;
		};
		9B740B0B23C93B44005F58A1 /* Build configuration list for PBXNativeTarget "exer2Tests" */ = {
			isa = XCConfigurationList;
			buildConfigurations = (
				9B740B0C23C93B44005F58A1 /* Debug */,
				9B740B0D23C93B44005F58A1 /* Release */,
			);
			defaultConfigurationIsVisible = 0;
			defaultConfigurationName = Release;
		};
		9B740B0E23C93B44005F58A1 /* Build configuration list for PBXNativeTarget "exer2UITests" */ = {
			isa = XCConfigurationList;
			buildConfigurations = (
				9B740B0F23C93B44005F58A1 /* Debug */,
				9B740B1023C93B44005F58A1 /* Release */,
			);
			defaultConfigurationIsVisible = 0;
			defaultConfigurationName = Release;
		};
/* End XCConfigurationList section */
	};
	rootObject = 9B740AD623C93B42005F58A1 /* Project object */;
}
